
Microsoft Visual Studio Solution File, Format Version 12.00
# Visual Studio 14
VisualStudioVersion = 14.0.24720.0
MinimumVisualStudioVersion = 10.0.40219.1
Project("{FAE04EC0-301F-11D3-BF4B-00C04F79EFBC}") = "SpellLibrary", "SpellLibrary\SpellLibrary.csproj", "{D0689B8B-FE94-4BDC-94CC-277C62008324}"
EndProject
Project("{FAE04EC0-301F-11D3-BF4B-00C04F79EFBC}") = "TextNbt", "TextNbt\TextNbt.csproj", "{EDE36B7B-B6D8-4983-905D-39A42EE4819F}"
EndProject
Project("{FAE04EC0-301F-11D3-BF4B-00C04F79EFBC}") = "fNbt", "fNbt\fNbt.csproj", "{4488498D-976D-4DA3-BF72-109531AF0488}"
EndProject
Global
	GlobalSection(SolutionConfigurationPlatforms) = preSolution
		Debug|Any CPU = Debug|Any CPU
		Debug|x64 = Debug|x64
		Debug|x86 = Debug|x86
		Release Packages|Any CPU = Release Packages|Any CPU
		Release Packages|x64 = Release Packages|x64
		Release Packages|x86 = Release Packages|x86
		Release|Any CPU = Release|Any CPU
		Release|x64 = Release|x64
		Release|x86 = Release|x86
	EndGlobalSection
	GlobalSection(ProjectConfigurationPlatforms) = postSolution
		{D0689B8B-FE94-4BDC-94CC-277C62008324}.Debug|Any CPU.ActiveCfg = Release|x86
		{D0689B8B-FE94-4BDC-94CC-277C62008324}.Debug|Any CPU.Build.0 = Release|x86
		{D0689B8B-FE94-4BDC-94CC-277C62008324}.Debug|x64.ActiveCfg = Debug|x86
		{D0689B8B-FE94-4BDC-94CC-277C62008324}.Debug|x86.ActiveCfg = Debug|x86
		{D0689B8B-FE94-4BDC-94CC-277C62008324}.Debug|x86.Build.0 = Debug|x86
		{D0689B8B-FE94-4BDC-94CC-277C62008324}.Release Packages|Any CPU.ActiveCfg = Release|x86
		{D0689B8B-FE94-4BDC-94CC-277C62008324}.Release Packages|Any CPU.Build.0 = Release|x86
		{D0689B8B-FE94-4BDC-94CC-277C62008324}.Release Packages|x64.ActiveCfg = Release Packages|x86
		{D0689B8B-FE94-4BDC-94CC-277C62008324}.Release Packages|x86.ActiveCfg = Release Packages|x86
		{D0689B8B-FE94-4BDC-94CC-277C62008324}.Release Packages|x86.Build.0 = Release Packages|x86
		{D0689B8B-FE94-4BDC-94CC-277C62008324}.Release Packages|x86.Deploy.0 = Release Packages|x86
		{D0689B8B-FE94-4BDC-94CC-277C62008324}.Release|Any CPU.ActiveCfg = Release|x86
		{D0689B8B-FE94-4BDC-94CC-277C62008324}.Release|Any CPU.Build.0 = Release|x86
		{D0689B8B-FE94-4BDC-94CC-277C62008324}.Release|x64.ActiveCfg = Release|x86
		{D0689B8B-FE94-4BDC-94CC-277C62008324}.Release|x86.ActiveCfg = Release|x86
		{D0689B8B-FE94-4BDC-94CC-277C62008324}.Release|x86.Build.0 = Release|x86
		{EDE36B7B-B6D8-4983-905D-39A42EE4819F}.Debug|Any CPU.ActiveCfg = Release|Any CPU
		{EDE36B7B-B6D8-4983-905D-39A42EE4819F}.Debug|Any CPU.Build.0 = Release|Any CPU
		{EDE36B7B-B6D8-4983-905D-39A42EE4819F}.Debug|x64.ActiveCfg = Debug|Any CPU
		{EDE36B7B-B6D8-4983-905D-39A42EE4819F}.Debug|x64.Build.0 = Debug|Any CPU
		{EDE36B7B-B6D8-4983-905D-39A42EE4819F}.Debug|x86.ActiveCfg = Debug|Any CPU
		{EDE36B7B-B6D8-4983-905D-39A42EE4819F}.Debug|x86.Build.0 = Debug|Any CPU
		{EDE36B7B-B6D8-4983-905D-39A42EE4819F}.Release Packages|Any CPU.ActiveCfg = Release|Any CPU
		{EDE36B7B-B6D8-4983-905D-39A42EE4819F}.Release Packages|Any CPU.Build.0 = Release|Any CPU
		{EDE36B7B-B6D8-4983-905D-39A42EE4819F}.Release Packages|x64.ActiveCfg = Release|Any CPU
		{EDE36B7B-B6D8-4983-905D-39A42EE4819F}.Release Packages|x64.Build.0 = Release|Any CPU
		{EDE36B7B-B6D8-4983-905D-39A42EE4819F}.Release Packages|x86.ActiveCfg = Release|Any CPU
		{EDE36B7B-B6D8-4983-905D-39A42EE4819F}.Release Packages|x86.Build.0 = Release|Any CPU
		{EDE36B7B-B6D8-4983-905D-39A42EE4819F}.Release|Any CPU.ActiveCfg = Release|Any CPU
		{EDE36B7B-B6D8-4983-905D-39A42EE4819F}.Release|Any CPU.Build.0 = Release|Any CPU
		{EDE36B7B-B6D8-4983-905D-39A42EE4819F}.Release|x64.ActiveCfg = Release|Any CPU
		{EDE36B7B-B6D8-4983-905D-39A42EE4819F}.Release|x64.Build.0 = Release|Any CPU
		{EDE36B7B-B6D8-4983-905D-39A42EE4819F}.Release|x86.ActiveCfg = Release|Any CPU
		{EDE36B7B-B6D8-4983-905D-39A42EE4819F}.Release|x86.Build.0 = Release|Any CPU
		{4488498D-976D-4DA3-BF72-109531AF0488}.Debug|Any CPU.ActiveCfg = Release|Any CPU
		{4488498D-976D-4DA3-BF72-109531AF0488}.Debug|Any CPU.Build.0 = Release|Any CPU
		{4488498D-976D-4DA3-BF72-109531AF0488}.Debug|x64.ActiveCfg = Debug|x64
		{4488498D-976D-4DA3-BF72-109531AF0488}.Debug|x64.Build.0 = Debug|x64
		{4488498D-976D-4DA3-BF72-109531AF0488}.Debug|x86.ActiveCfg = Debug|x86
		{4488498D-976D-4DA3-BF72-109531AF0488}.Debug|x86.Build.0 = Debug|x86
		{4488498D-976D-4DA3-BF72-109531AF0488}.Release Packages|Any CPU.ActiveCfg = Release|Any CPU
		{4488498D-976D-4DA3-BF72-109531AF0488}.Release Packages|Any CPU.Build.0 = Release|Any CPU
		{4488498D-976D-4DA3-BF72-109531AF0488}.Release Packages|x64.ActiveCfg = Release|x64
		{4488498D-976D-4DA3-BF72-109531AF0488}.Release Packages|x64.Build.0 = Release|x64
		{4488498D-976D-4DA3-BF72-109531AF0488}.Release Packages|x86.ActiveCfg = Release|x86
		{4488498D-976D-4DA3-BF72-109531AF0488}.Release Packages|x86.Build.0 = Release|x86
		{4488498D-976D-4DA3-BF72-109531AF0488}.Release|Any CPU.ActiveCfg = Release|Any CPU
		{4488498D-976D-4DA3-BF72-109531AF0488}.Release|Any CPU.Build.0 = Release|Any CPU
		{4488498D-976D-4DA3-BF72-109531AF0488}.Release|x64.ActiveCfg = Release|x64
		{4488498D-976D-4DA3-BF72-109531AF0488}.Release|x64.Build.0 = Release|x64
		{4488498D-976D-4DA3-BF72-109531AF0488}.Release|x86.ActiveCfg = Release|x86
		{4488498D-976D-4DA3-BF72-109531AF0488}.Release|x86.Build.0 = Release|x86
	EndGlobalSection
	GlobalSection(SolutionProperties) = preSolution
		HideSolutionNode = FALSE
	EndGlobalSection
	GlobalSection(MonoDevelopProperties) = preSolution
		Policies = $0
		$0.TextStylePolicy = $1
		$1.inheritsSet = null
		$1.scope = text/x-csharp
		$0.CSharpFormattingPolicy = $2
		$2.AfterDelegateDeclarationParameterComma = True
		$2.inheritsSet = Mono
		$2.inheritsScope = text/x-csharp
		$2.scope = text/x-csharp
	EndGlobalSection
EndGlobal
